
Microsoft Visual Studio Solution File, Format Version 12.00
# Visual Studio Version 17
VisualStudioVersion = 17.11.35312.102
MinimumVisualStudioVersion = 10.0.40219.1
Project("{FAE04EC0-301F-11D3-BF4B-00C04F79EFBC}") = "CrudUbicaciones_AGS", "CrudUbicaciones_AGS\CrudUbicaciones_AGS.csproj", "{1CAF5FCE-4491-4519-8850-C32768206F4D}"
EndProject
Project("{FAE04EC0-301F-11D3-BF4B-00C04F79EFBC}") = "BLL", "BLL\BLL.csproj", "{0BE8FB4A-2545-4317-8CBD-7CFD03F64DC6}"
EndProject
Project("{FAE04EC0-301F-11D3-BF4B-00C04F79EFBC}") = "DAL", "DAL\DAL.csproj", "{B9337B12-6A5B-4F50-804D-F1E301820C68}"
EndProject
Global
	GlobalSection(SolutionConfigurationPlatforms) = preSolution
		Debug|Any CPU = Debug|Any CPU
		Release|Any CPU = Release|Any CPU
	EndGlobalSection
	GlobalSection(ProjectConfigurationPlatforms) = postSolution
		{1CAF5FCE-4491-4519-8850-C32768206F4D}.Debug|Any CPU.ActiveCfg = Debug|Any CPU
		{1CAF5FCE-4491-4519-8850-C32768206F4D}.Debug|Any CPU.Build.0 = Debug|Any CPU
		{1CAF5FCE-4491-4519-8850-C32768206F4D}.Release|Any CPU.ActiveCfg = Release|Any CPU
		{1CAF5FCE-4491-4519-8850-C32768206F4D}.Release|Any CPU.Build.0 = Release|Any CPU
		{0BE8FB4A-2545-4317-8CBD-7CFD03F64DC6}.Debug|Any CPU.ActiveCfg = Debug|Any CPU
		{0BE8FB4A-2545-4317-8CBD-7CFD03F64DC6}.Debug|Any CPU.Build.0 = Debug|Any CPU
		{0BE8FB4A-2545-4317-8CBD-7CFD03F64DC6}.Release|Any CPU.ActiveCfg = Release|Any CPU
		{0BE8FB4A-2545-4317-8CBD-7CFD03F64DC6}.Release|Any CPU.Build.0 = Release|Any CPU
		{B9337B12-6A5B-4F50-804D-F1E301820C68}.Debug|Any CPU.ActiveCfg = Debug|Any CPU
		{B9337B12-6A5B-4F50-804D-F1E301820C68}.Debug|Any CPU.Build.0 = Debug|Any CPU
		{B9337B12-6A5B-4F50-804D-F1E301820C68}.Release|Any CPU.ActiveCfg = Release|Any CPU
		{B9337B12-6A5B-4F50-804D-F1E301820C68}.Release|Any CPU.Build.0 = Release|Any CPU
	EndGlobalSection
	GlobalSection(SolutionProperties) = preSolution
		HideSolutionNode = FALSE
	EndGlobalSection
	GlobalSection(ExtensibilityGlobals) = postSolution
		SolutionGuid = {0EDDC3D4-07A8-452D-909A-82DE169BF838}
	EndGlobalSection
EndGlobal
